
Microsoft Visual Studio Solution File, Format Version 12.00
# Visual Studio Version 16
VisualStudioVersion = 16.0.29709.97
MinimumVisualStudioVersion = 10.0.40219.1
Project("{FAE04EC0-301F-11D3-BF4B-00C04F79EFBC}") = "WindowsMenu", "WindowsMenu\WindowsMenu.csproj", "{059A7C16-527A-4224-8162-2C0B9F767ED4}"
EndProject
Global
	GlobalSection(SolutionConfigurationPlatforms) = preSolution
		Debug|Any CPU = Debug|Any CPU
		Release|Any CPU = Release|Any CPU
	EndGlobalSection
	GlobalSection(ProjectConfigurationPlatforms) = postSolution
		{059A7C16-527A-4224-8162-2C0B9F767ED4}.Debug|Any CPU.ActiveCfg = Debug|Any CPU
		{059A7C16-527A-4224-8162-2C0B9F767ED4}.Debug|Any CPU.Build.0 = Debug|Any CPU
		{059A7C16-527A-4224-8162-2C0B9F767ED4}.Release|Any CPU.ActiveCfg = Release|Any CPU
		{059A7C16-527A-4224-8162-2C0B9F767ED4}.Release|Any CPU.Build.0 = Release|Any CPU
	EndGlobalSection
	GlobalSection(SolutionProperties) = preSolution
		HideSolutionNode = FALSE
	EndGlobalSection
	GlobalSection(ExtensibilityGlobals) = postSolution
		SolutionGuid = {0BC35A18-8EEF-47EF-81B0-314AB564F8DB}
	EndGlobalSection
EndGlobal
